{
  "name": "asac4ux",
  "version": "1.0.0",
  "lockfileVersion": 2,
  "requires": true,
  "packages": {
    "": {
      "name": "asac4ux",
      "version": "1.0.0",
      "license": "ISC",
      "bin": {
        "asac4ux": "bin/asac4ux.js"
      },
      "devDependencies": {
        "asac4ux-lib": "file:../asac4ux-lib",
        "typescript": "^5.5.4"
      }
    },
    "../asac4ux-lib": {
      "version": "1.0.0",
      "dev": true,
      "license": "ISC",
      "devDependencies": {
        "typescript": "^5.5.4"
      }
    },
    "node_modules/asac4ux-lib": {
      "resolved": "../asac4ux-lib",
      "link": true
    },
    "node_modules/typescript": {
      "version": "5.5.4",
      "resolved": "https://registry.npmjs.org/typescript/-/typescript-5.5.4.tgz",
      "integrity": "sha512-Mtq29sKDAEYP7aljRgtPOpTvOfbwRWlS6dPRzwjdE+C0R4brX/GUyhHSecbHMFLNBLcJIPt9nl9yG5TZ1weH+Q==",
      "dev": true,
      "bin": {
        "tsc": "bin/tsc",
        "tsserver": "bin/tsserver"
      },
      "engines": {
        "node": ">=14.17"
      }
    }
  },
  "dependencies": {
    "asac4ux-lib": {
      "version": "file:../asac4ux-lib",
      "requires": {
        "typescript": "^5.5.4"
      }
    },
    "typescript": {
      "version": "5.5.4",
      "resolved": "https://registry.npmjs.org/typescript/-/typescript-5.5.4.tgz",
      "integrity": "sha512-Mtq29sKDAEYP7aljRgtPOpTvOfbwRWlS6dPRzwjdE+C0R4brX/GUyhHSecbHMFLNBLcJIPt9nl9yG5TZ1weH+Q==",
      "dev": true
    }
  }
}
